// !$*UTF8*$!
{
	archiveVersion = 1;
	classes = {
	};
	objectVersion = 55;
	objects = {

/* Begin PBXBuildFile section */
		1D28BD3D290D18720044E096 /* CacheManager.swift in Sources */ = {isa = PBXBuildFile; fileRef = 1D28BD3C290D18720044E096 /* CacheManager.swift */; };
		1DC9373429092AC1004E3E1A /* AppDelegate.swift in Sources */ = {isa = PBXBuildFile; fileRef = 1DC9373329092AC1004E3E1A /* AppDelegate.swift */; };
		1DC9373629092AC1004E3E1A /* SceneDelegate.swift in Sources */ = {isa = PBXBuildFile; fileRef = 1DC9373529092AC1004E3E1A /* SceneDelegate.swift */; };
		1DC9373829092AC1004E3E1A /* MainViewController.swift in Sources */ = {isa = PBXBuildFile; fileRef = 1DC9373729092AC1004E3E1A /* MainViewController.swift */; };
		1DC9373D29092AC2004E3E1A /* Assets.xcassets in Resources */ = {isa = PBXBuildFile; fileRef = 1DC9373C29092AC2004E3E1A /* Assets.xcassets */; };
		1DC9374D29093CDF004E3E1A /* NetworkManager.swift in Sources */ = {isa = PBXBuildFile; fileRef = 1DC9374C29093CDF004E3E1A /* NetworkManager.swift */; };
		1DC9375129093D8F004E3E1A /* Employee.swift in Sources */ = {isa = PBXBuildFile; fileRef = 1DC9375029093D8F004E3E1A /* Employee.swift */; };
		1DC937552909467B004E3E1A /* EmployeeDetailCell.swift in Sources */ = {isa = PBXBuildFile; fileRef = 1DC937542909467B004E3E1A /* EmployeeDetailCell.swift */; };
/* End PBXBuildFile section */

/* Begin PBXFileReference section */
		1D28BD3C290D18720044E096 /* CacheManager.swift */ = {isa = PBXFileReference; lastKnownFileType = sourcecode.swift; path = CacheManager.swift; sourceTree = "<group>"; };
		1DC9373029092AC1004E3E1A /* TestTaskAvito.app */ = {isa = PBXFileReference; explicitFileType = wrapper.application; includeInIndex = 0; path = TestTaskAvito.app; sourceTree = BUILT_PRODUCTS_DIR; };
		1DC9373329092AC1004E3E1A /* AppDelegate.swift */ = {isa = PBXFileReference; lastKnownFileType = sourcecode.swift; path = AppDelegate.swift; sourceTree = "<group>"; };
		1DC9373529092AC1004E3E1A /* SceneDelegate.swift */ = {isa = PBXFileReference; lastKnownFileType = sourcecode.swift; path = SceneDelegate.swift; sourceTree = "<group>"; };
		1DC9373729092AC1004E3E1A /* MainViewController.swift */ = {isa = PBXFileReference; lastKnownFileType = sourcecode.swift; path = MainViewController.swift; sourceTree = "<group>"; };
		1DC9373C29092AC2004E3E1A /* Assets.xcassets */ = {isa = PBXFileReference; lastKnownFileType = folder.assetcatalog; path = Assets.xcassets; sourceTree = "<group>"; };
		1DC9374129092AC2004E3E1A /* Info.plist */ = {isa = PBXFileReference; lastKnownFileType = text.plist.xml; path = Info.plist; sourceTree = "<group>"; };
		1DC9374C29093CDF004E3E1A /* NetworkManager.swift */ = {isa = PBXFileReference; lastKnownFileType = sourcecode.swift; path = NetworkManager.swift; sourceTree = "<group>"; };
		1DC9375029093D8F004E3E1A /* Employee.swift */ = {isa = PBXFileReference; lastKnownFileType = sourcecode.swift; path = Employee.swift; sourceTree = "<group>"; };
		1DC937542909467B004E3E1A /* EmployeeDetailCell.swift */ = {isa = PBXFileReference; lastKnownFileType = sourcecode.swift; path = EmployeeDetailCell.swift; sourceTree = "<group>"; };
/* End PBXFileReference section */

/* Begin PBXFrameworksBuildPhase section */
		1DC9372D29092AC1004E3E1A /* Frameworks */ = {
			isa = PBXFrameworksBuildPhase;
			buildActionMask = 2147483647;
			files = (
			);
			runOnlyForDeploymentPostprocessing = 0;
		};
/* End PBXFrameworksBuildPhase section */

/* Begin PBXGroup section */
		1DC9372729092AC1004E3E1A = {
			isa = PBXGroup;
			children = (
				1DC9373229092AC1004E3E1A /* TestTaskAvito */,
				1DC9373129092AC1004E3E1A /* Products */,
			);
			sourceTree = "<group>";
		};
		1DC9373129092AC1004E3E1A /* Products */ = {
			isa = PBXGroup;
			children = (
				1DC9373029092AC1004E3E1A /* TestTaskAvito.app */,
			);
			name = Products;
			sourceTree = "<group>";
		};
		1DC9373229092AC1004E3E1A /* TestTaskAvito */ = {
			isa = PBXGroup;
			children = (
				1DC9374729092BBC004E3E1A /* SupportingFiles */,
				1DC9375229093DF5004E3E1A /* Models */,
				1DC9375329093DFB004E3E1A /* Services */,
				1DC9374929093A50004E3E1A /* ViewControllers */,
				1DC9374829093A49004E3E1A /* Resource */,
			);
			path = TestTaskAvito;
			sourceTree = "<group>";
		};
		1DC9374729092BBC004E3E1A /* SupportingFiles */ = {
			isa = PBXGroup;
			children = (
				1DC9373329092AC1004E3E1A /* AppDelegate.swift */,
				1DC9373529092AC1004E3E1A /* SceneDelegate.swift */,
				1DC9374129092AC2004E3E1A /* Info.plist */,
			);
			path = SupportingFiles;
			sourceTree = "<group>";
		};
		1DC9374829093A49004E3E1A /* Resource */ = {
			isa = PBXGroup;
			children = (
				1DC9373C29092AC2004E3E1A /* Assets.xcassets */,
			);
			path = Resource;
			sourceTree = "<group>";
		};
		1DC9374929093A50004E3E1A /* ViewControllers */ = {
			isa = PBXGroup;
			children = (
				1DC9373729092AC1004E3E1A /* MainViewController.swift */,
				1DC937562909467E004E3E1A /* Cells */,
			);
			path = ViewControllers;
			sourceTree = "<group>";
		};
		1DC9375229093DF5004E3E1A /* Models */ = {
			isa = PBXGroup;
			children = (
				1DC9375029093D8F004E3E1A /* Employee.swift */,
			);
			path = Models;
			sourceTree = "<group>";
		};
		1DC9375329093DFB004E3E1A /* Services */ = {
			isa = PBXGroup;
			children = (
				1DC9374C29093CDF004E3E1A /* NetworkManager.swift */,
				1D28BD3C290D18720044E096 /* CacheManager.swift */,
			);
			path = Services;
			sourceTree = "<group>";
		};
		1DC937562909467E004E3E1A /* Cells */ = {
			isa = PBXGroup;
			children = (
				1DC937542909467B004E3E1A /* EmployeeDetailCell.swift */,
			);
			path = Cells;
			sourceTree = "<group>";
		};
/* End PBXGroup section */

/* Begin PBXNativeTarget section */
		1DC9372F29092AC1004E3E1A /* TestTaskAvito */ = {
			isa = PBXNativeTarget;
			buildConfigurationList = 1DC9374429092AC2004E3E1A /* Build configuration list for PBXNativeTarget "TestTaskAvito" */;
			buildPhases = (
				1DC9372C29092AC1004E3E1A /* Sources */,
				1DC9372D29092AC1004E3E1A /* Frameworks */,
				1DC9372E29092AC1004E3E1A /* Resources */,
			);
			buildRules = (
			);
			dependencies = (
			);
			name = TestTaskAvito;
			productName = TestTaskAvito;
			productReference = 1DC9373029092AC1004E3E1A /* TestTaskAvito.app */;
			productType = "com.apple.product-type.application";
		};
/* End PBXNativeTarget section */

/* Begin PBXProject section */
		1DC9372829092AC1004E3E1A /* Project object */ = {
			isa = PBXProject;
			attributes = {
				BuildIndependentTargetsInParallel = 1;
				LastSwiftUpdateCheck = 1340;
				LastUpgradeCheck = 1340;
				TargetAttributes = {
					1DC9372F29092AC1004E3E1A = {
						CreatedOnToolsVersion = 13.4.1;
					};
				};
			};
			buildConfigurationList = 1DC9372B29092AC1004E3E1A /* Build configuration list for PBXProject "TestTaskAvito" */;
			compatibilityVersion = "Xcode 13.0";
			developmentRegion = en;
			hasScannedForEncodings = 0;
			knownRegions = (
				en,
				Base,
			);
			mainGroup = 1DC9372729092AC1004E3E1A;
			productRefGroup = 1DC9373129092AC1004E3E1A /* Products */;
			projectDirPath = "";
			projectRoot = "";
			targets = (
				1DC9372F29092AC1004E3E1A /* TestTaskAvito */,
			);
		};
/* End PBXProject section */

/* Begin PBXResourcesBuildPhase section */
		1DC9372E29092AC1004E3E1A /* Resources */ = {
			isa = PBXResourcesBuildPhase;
			buildActionMask = 2147483647;
			files = (
				1DC9373D29092AC2004E3E1A /* Assets.xcassets in Resources */,
			);
			runOnlyForDeploymentPostprocessing = 0;
		};
/* End PBXResourcesBuildPhase section */

/* Begin PBXSourcesBuildPhase section */
		1DC9372C29092AC1004E3E1A /* Sources */ = {
			isa = PBXSourcesBuildPhase;
			buildActionMask = 2147483647;
			files = (
				1DC937552909467B004E3E1A /* EmployeeDetailCell.swift in Sources */,
				1DC9373829092AC1004E3E1A /* MainViewController.swift in Sources */,
				1DC9375129093D8F004E3E1A /* Employee.swift in Sources */,
				1DC9373429092AC1004E3E1A /* AppDelegate.swift in Sources */,
				1DC9374D29093CDF004E3E1A /* NetworkManager.swift in Sources */,
				1DC9373629092AC1004E3E1A /* SceneDelegate.swift in Sources */,
				1D28BD3D290D18720044E096 /* CacheManager.swift in Sources */,
			);
			runOnlyForDeploymentPostprocessing = 0;
		};
/* End PBXSourcesBuildPhase section */

/* Begin XCBuildConfiguration section */
		1DC9374229092AC2004E3E1A /* Debug */ = {
			isa = XCBuildConfiguration;
			buildSettings = {
				ALWAYS_SEARCH_USER_PATHS = NO;
				CLANG_ANALYZER_NONNULL = YES;
				CLANG_ANALYZER_NUMBER_OBJECT_CONVERSION = YES_AGGRESSIVE;
				CLANG_CXX_LANGUAGE_STANDARD = "gnu++17";
				CLANG_ENABLE_MODULES = YES;
				CLANG_ENABLE_OBJC_ARC = YES;
				CLANG_ENABLE_OBJC_WEAK = YES;
				CLANG_WARN_BLOCK_CAPTURE_AUTORELEASING = YES;
				CLANG_WARN_BOOL_CONVERSION = YES;
				CLANG_WARN_COMMA = YES;
				CLANG_WARN_CONSTANT_CONVERSION = YES;
				CLANG_WARN_DEPRECATED_OBJC_IMPLEMENTATIONS = YES;
				CLANG_WARN_DIRECT_OBJC_ISA_USAGE = YES_ERROR;
				CLANG_WARN_DOCUMENTATION_COMMENTS = YES;
				CLANG_WARN_EMPTY_BODY = YES;
				CLANG_WARN_ENUM_CONVERSION = YES;
				CLANG_WARN_INFINITE_RECURSION = YES;
				CLANG_WARN_INT_CONVERSION = YES;
				CLANG_WARN_NON_LITERAL_NULL_CONVERSION = YES;
				CLANG_WARN_OBJC_IMPLICIT_RETAIN_SELF = YES;
				CLANG_WARN_OBJC_LITERAL_CONVERSION = YES;
				CLANG_WARN_OBJC_ROOT_CLASS = YES_ERROR;
				CLANG_WARN_QUOTED_INCLUDE_IN_FRAMEWORK_HEADER = YES;
				CLANG_WARN_RANGE_LOOP_ANALYSIS = YES;
				CLANG_WARN_STRICT_PROTOTYPES = YES;
				CLANG_WARN_SUSPICIOUS_MOVE = YES;
				CLANG_WARN_UNGUARDED_AVAILABILITY = YES_AGGRESSIVE;
				CLANG_WARN_UNREACHABLE_CODE = YES;
				CLANG_WARN__DUPLICATE_METHOD_MATCH = YES;
				COPY_PHASE_STRIP = NO;
				DEBUG_INFORMATION_FORMAT = dwarf;
				ENABLE_STRICT_OBJC_MSGSEND = YES;
				ENABLE_TESTABILITY = YES;
				GCC_C_LANGUAGE_STANDARD = gnu11;
				GCC_DYNAMIC_NO_PIC = NO;
				GCC_NO_COMMON_BLOCKS = YES;
				GCC_OPTIMIZATION_LEVEL = 0;
				GCC_PREPROCESSOR_DEFINITIONS = (
					"DEBUG=1",
					"$(inherited)",
				);
				GCC_WARN_64_TO_32_BIT_CONVERSION = YES;
				GCC_WARN_ABOUT_RETURN_TYPE = YES_ERROR;
				GCC_WARN_UNDECLARED_SELECTOR = YES;
				GCC_WARN_UNINITIALIZED_AUTOS = YES_AGGRESSIVE;
				GCC_WARN_UNUSED_FUNCTION = YES;
				GCC_WARN_UNUSED_VARIABLE = YES;
				IPHONEOS_DEPLOYMENT_TARGET = 15.5;
				MTL_ENABLE_DEBUG_INFO = INCLUDE_SOURCE;
				MTL_FAST_MATH = YES;
				ONLY_ACTIVE_ARCH = YES;
				SDKROOT = iphoneos;
				SWIFT_ACTIVE_COMPILATION_CONDITIONS = DEBUG;
				SWIFT_OPTIMIZATION_LEVEL = "-Onone";
			};
			name = Debug;
		};
		1DC9374329092AC2004E3E1A /* Release */ = {
			isa = XCBuildConfiguration;
			buildSettings = {
				ALWAYS_SEARCH_USER_PATHS = NO;
				CLANG_ANALYZER_NONNULL = YES;
				CLANG_ANALYZER_NUMBER_OBJECT_CONVERSION = YES_AGGRESSIVE;
				CLANG_CXX_LANGUAGE_STANDARD = "gnu++17";
				CLANG_ENABLE_MODULES = YES;
				CLANG_ENABLE_OBJC_ARC = YES;
				CLANG_ENABLE_OBJC_WEAK = YES;
				CLANG_WARN_BLOCK_CAPTURE_AUTORELEASING = YES;
				CLANG_WARN_BOOL_CONVERSION = YES;
				CLANG_WARN_COMMA = YES;
				CLANG_WARN_CONSTANT_CONVERSION = YES;
				CLANG_WARN_DEPRECATED_OBJC_IMPLEMENTATIONS = YES;
				CLANG_WARN_DIRECT_OBJC_ISA_USAGE = YES_ERROR;
				CLANG_WARN_DOCUMENTATION_COMMENTS = YES;
				CLANG_WARN_EMPTY_BODY = YES;
				CLANG_WARN_ENUM_CONVERSION = YES;
				CLANG_WARN_INFINITE_RECURSION = YES;
				CLANG_WARN_INT_CONVERSION = YES;
				CLANG_WARN_NON_LITERAL_NULL_CONVERSION = YES;
				CLANG_WARN_OBJC_IMPLICIT_RETAIN_SELF = YES;
				CLANG_WARN_OBJC_LITERAL_CONVERSION = YES;
				CLANG_WARN_OBJC_ROOT_CLASS = YES_ERROR;
				CLANG_WARN_QUOTED_INCLUDE_IN_FRAMEWORK_HEADER = YES;
				CLANG_WARN_RANGE_LOOP_ANALYSIS = YES;
				CLANG_WARN_STRICT_PROTOTYPES = YES;
				CLANG_WARN_SUSPICIOUS_MOVE = YES;
				CLANG_WARN_UNGUARDED_AVAILABILITY = YES_AGGRESSIVE;
				CLANG_WARN_UNREACHABLE_CODE = YES;
				CLANG_WARN__DUPLICATE_METHOD_MATCH = YES;
				COPY_PHASE_STRIP = NO;
				DEBUG_INFORMATION_FORMAT = "dwarf-with-dsym";
				ENABLE_NS_ASSERTIONS = NO;
				ENABLE_STRICT_OBJC_MSGSEND = YES;
				GCC_C_LANGUAGE_STANDARD = gnu11;
				GCC_NO_COMMON_BLOCKS = YES;
				GCC_WARN_64_TO_32_BIT_CONVERSION = YES;
				GCC_WARN_ABOUT_RETURN_TYPE = YES_ERROR;
				GCC_WARN_UNDECLARED_SELECTOR = YES;
				GCC_WARN_UNINITIALIZED_AUTOS = YES_AGGRESSIVE;
				GCC_WARN_UNUSED_FUNCTION = YES;
				GCC_WARN_UNUSED_VARIABLE = YES;
				IPHONEOS_DEPLOYMENT_TARGET = 15.5;
				MTL_ENABLE_DEBUG_INFO = NO;
				MTL_FAST_MATH = YES;
				SDKROOT = iphoneos;
				SWIFT_COMPILATION_MODE = wholemodule;
				SWIFT_OPTIMIZATION_LEVEL = "-O";
				VALIDATE_PRODUCT = YES;
			};
			name = Release;
		};
		1DC9374529092AC2004E3E1A /* Debug */ = {
			isa = XCBuildConfiguration;
			buildSettings = {
				ASSETCATALOG_COMPILER_APPICON_NAME = AppIcon;
				ASSETCATALOG_COMPILER_GLOBAL_ACCENT_COLOR_NAME = AccentColor;
				CODE_SIGN_STYLE = Automatic;
				CURRENT_PROJECT_VERSION = 1;
				DEVELOPMENT_TEAM = JFBLHQ46UV;
				GENERATE_INFOPLIST_FILE = YES;
				INFOPLIST_FILE = TestTaskAvito/SupportingFiles/Info.plist;
				INFOPLIST_KEY_UIApplicationSupportsIndirectInputEvents = YES;
				INFOPLIST_KEY_UILaunchStoryboardName = LaunchScreen;
				INFOPLIST_KEY_UISupportedInterfaceOrientations_iPad = "UIInterfaceOrientationPortrait UIInterfaceOrientationPortraitUpsideDown UIInterfaceOrientationLandscapeLeft UIInterfaceOrientationLandscapeRight";
				INFOPLIST_KEY_UISupportedInterfaceOrientations_iPhone = "UIInterfaceOrientationPortrait UIInterfaceOrientationLandscapeLeft UIInterfaceOrientationLandscapeRight";
				IPHONEOS_DEPLOYMENT_TARGET = 13.0;
				LD_RUNPATH_SEARCH_PATHS = (
					"$(inherited)",
					"@executable_path/Frameworks",
				);
				MARKETING_VERSION = 1.0;
				PRODUCT_BUNDLE_IDENTIFIER = "Alik-and-CO.TestTaskAvito";
				PRODUCT_NAME = "$(TARGET_NAME)";
				SWIFT_EMIT_LOC_STRINGS = YES;
				SWIFT_VERSION = 5.0;
				TARGETED_DEVICE_FAMILY = "1,2";
			};
			name = Debug;
		};
		1DC9374629092AC2004E3E1A /* Release */ = {
			isa = XCBuildConfiguration;
			buildSettings = {
				ASSETCATALOG_COMPILER_APPICON_NAME = AppIcon;
				ASSETCATALOG_COMPILER_GLOBAL_ACCENT_COLOR_NAME = AccentColor;
				CODE_SIGN_STYLE = Automatic;
				CURRENT_PROJECT_VERSION = 1;
				DEVELOPMENT_TEAM = JFBLHQ46UV;
				GENERATE_INFOPLIST_FILE = YES;
				INFOPLIST_FILE = TestTaskAvito/SupportingFiles/Info.plist;
				INFOPLIST_KEY_UIApplicationSupportsIndirectInputEvents = YES;
				INFOPLIST_KEY_UILaunchStoryboardName = LaunchScreen;
				INFOPLIST_KEY_UISupportedInterfaceOrientations_iPad = "UIInterfaceOrientationPortrait UIInterfaceOrientationPortraitUpsideDown UIInterfaceOrientationLandscapeLeft UIInterfaceOrientationLandscapeRight";
				INFOPLIST_KEY_UISupportedInterfaceOrientations_iPhone = "UIInterfaceOrientationPortrait UIInterfaceOrientationLandscapeLeft UIInterfaceOrientationLandscapeRight";
				IPHONEOS_DEPLOYMENT_TARGET = 13.0;
				LD_RUNPATH_SEARCH_PATHS = (
					"$(inherited)",
					"@executable_path/Frameworks",
				);
				MARKETING_VERSION = 1.0;
				PRODUCT_BUNDLE_IDENTIFIER = "Alik-and-CO.TestTaskAvito";
				PRODUCT_NAME = "$(TARGET_NAME)";
				SWIFT_EMIT_LOC_STRINGS = YES;
				SWIFT_VERSION = 5.0;
				TARGETED_DEVICE_FAMILY = "1,2";
			};
			name = Release;
		};
/* End XCBuildConfiguration section */

/* Begin XCConfigurationList section */
		1DC9372B29092AC1004E3E1A /* Build configuration list for PBXProject "TestTaskAvito" */ = {
			isa = XCConfigurationList;
			buildConfigurations = (
				1DC9374229092AC2004E3E1A /* Debug */,
				1DC9374329092AC2004E3E1A /* Release */,
			);
			defaultConfigurationIsVisible = 0;
			defaultConfigurationName = Release;
		};
		1DC9374429092AC2004E3E1A /* Build configuration list for PBXNativeTarget "TestTaskAvito" */ = {
			isa = XCConfigurationList;
			buildConfigurations = (
				1DC9374529092AC2004E3E1A /* Debug */,
				1DC9374629092AC2004E3E1A /* Release */,
			);
			defaultConfigurationIsVisible = 0;
			defaultConfigurationName = Release;
		};
/* End XCConfigurationList section */
	};
	rootObject = 1DC9372829092AC1004E3E1A /* Project object */;
}
